
Microsoft Visual Studio Solution File, Format Version 12.00
# Visual Studio Version 17
VisualStudioVersion = 17.11.35327.3
MinimumVisualStudioVersion = 10.0.40219.1
Project("{FAE04EC0-301F-11D3-BF4B-00C04F79EFBC}") = "MathGame.chenmeister", "MathGame.chenmeister\MathGame.chenmeister.csproj", "{A1CC187F-72AE-4C66-9CE6-88366F180501}"
EndProject
Global
	GlobalSection(SolutionConfigurationPlatforms) = preSolution
		Debug|Any CPU = Debug|Any CPU
		Release|Any CPU = Release|Any CPU
	EndGlobalSection
	GlobalSection(ProjectConfigurationPlatforms) = postSolution
		{A1CC187F-72AE-4C66-9CE6-88366F180501}.Debug|Any CPU.ActiveCfg = Debug|Any CPU
		{A1CC187F-72AE-4C66-9CE6-88366F180501}.Debug|Any CPU.Build.0 = Debug|Any CPU
		{A1CC187F-72AE-4C66-9CE6-88366F180501}.Release|Any CPU.ActiveCfg = Release|Any CPU
		{A1CC187F-72AE-4C66-9CE6-88366F180501}.Release|Any CPU.Build.0 = Release|Any CPU
	EndGlobalSection
	GlobalSection(SolutionProperties) = preSolution
		HideSolutionNode = FALSE
	EndGlobalSection
	GlobalSection(ExtensibilityGlobals) = postSolution
		SolutionGuid = {F71E07EA-0228-4A2B-BAE7-29505528C911}
	EndGlobalSection
EndGlobal
